{
  "nodes": {
    "flatpaks": {
      "locked": {
        "lastModified": 1711997375,
        "narHash": "sha256-KvU4gOtuFMS9Il67glRGtdNfguAINT9pCaXtvCL8uI8=",
        "owner": "gmodena",
        "repo": "nix-flatpak",
        "rev": "45bf66f7068db79b552da864c0e87452be624d6c",
        "type": "github"
      },
      "original": {
        "owner": "gmodena",
        "repo": "nix-flatpak",
        "type": "github"
      }
    },
    "home-manager": {
      "inputs": {
        "nixpkgs": [
          "nixpkgs"
        ]
      },
      "locked": {
        "lastModified": 1720045378,
        "narHash": "sha256-lmE7B+QXw7lWdBu5GQlUABSpzPk3YBb9VbV+IYK5djk=",
        "owner": "nix-community",
        "repo": "home-manager",
        "rev": "0a30138c694ab3b048ac300794c2eb599dc40266",
        "type": "github"
      },
      "original": {
        "owner": "nix-community",
        "repo": "home-manager",
        "type": "github"
      }
    },
    "nixpkgs": {
      "locked": {
        "lastModified": 1719848872,
        "narHash": "sha256-H3+EC5cYuq+gQW8y0lSrrDZfH71LB4DAf+TDFyvwCNA=",
        "owner": "NixOS",
        "repo": "nixpkgs",
        "rev": "00d80d13810dbfea8ab4ed1009b09100cca86ba8",
        "type": "github"
      },
      "original": {
        "owner": "NixOS",
        "ref": "nixos-unstable",
        "repo": "nixpkgs",
        "type": "github"
      }
    },
    "plasma-manager": {
      "inputs": {
        "home-manager": [
          "home-manager"
        ],
        "nixpkgs": [
          "nixpkgs"
        ]
      },
      "locked": {
        "lastModified": 1719875930,
        "narHash": "sha256-jQmdWLxRP6BzOxRF8hQEhDD7UKw7UrnYbmaAPOSaXWY=",
        "owner": "pjones",
        "repo": "plasma-manager",
        "rev": "7e062fcd669e261fb06cf54fe0ef2e46c3db8e83",
        "type": "github"
      },
      "original": {
        "owner": "pjones",
        "repo": "plasma-manager",
        "type": "github"
      }
    },
    "root": {
      "inputs": {
        "flatpaks": "flatpaks",
        "home-manager": "home-manager",
        "nixpkgs": "nixpkgs",
        "plasma-manager": "plasma-manager"
      }
    }
  },
  "root": "root",
  "version": 7
}
